
Microsoft Visual Studio Solution File, Format Version 12.00
# Visual Studio Version 17
VisualStudioVersion = 17.2.32526.322
MinimumVisualStudioVersion = 10.0.40219.1
Project("{FAE04EC0-301F-11D3-BF4B-00C04F79EFBC}") = "AnotherGifApp", "AnotherGifApp.csproj", "{953B3C50-A579-4014-A196-93231B34B4D8}"
EndProject
Global
	GlobalSection(SolutionConfigurationPlatforms) = preSolution
		Debug|Any CPU = Debug|Any CPU
		Release|Any CPU = Release|Any CPU
	EndGlobalSection
	GlobalSection(ProjectConfigurationPlatforms) = postSolution
		{953B3C50-A579-4014-A196-93231B34B4D8}.Debug|Any CPU.ActiveCfg = Debug|Any CPU
		{953B3C50-A579-4014-A196-93231B34B4D8}.Debug|Any CPU.Build.0 = Debug|Any CPU
		{953B3C50-A579-4014-A196-93231B34B4D8}.Release|Any CPU.ActiveCfg = Release|Any CPU
		{953B3C50-A579-4014-A196-93231B34B4D8}.Release|Any CPU.Build.0 = Release|Any CPU
	EndGlobalSection
	GlobalSection(SolutionProperties) = preSolution
		HideSolutionNode = FALSE
	EndGlobalSection
	GlobalSection(ExtensibilityGlobals) = postSolution
		SolutionGuid = {6A9DD904-EC62-4A22-BE1A-07C5A5F75A3F}
	EndGlobalSection
EndGlobal
